
Microsoft Visual Studio Solution File, Format Version 12.00
# Visual Studio Version 17
VisualStudioVersion = 17.6.33829.357
MinimumVisualStudioVersion = 10.0.40219.1
Project("{8BC9CEB8-8B4A-11D0-8D11-00A0C91BC942}") = "Multithreading", "Multithreading.vcxproj", "{7D36672D-E132-4D41-8696-53E1E83F5E75}"
EndProject
Global
	GlobalSection(SolutionConfigurationPlatforms) = preSolution
		Debug|x64 = Debug|x64
		Debug|x86 = Debug|x86
		Release|x64 = Release|x64
		Release|x86 = Release|x86
	EndGlobalSection
	GlobalSection(ProjectConfigurationPlatforms) = postSolution
		{7D36672D-E132-4D41-8696-53E1E83F5E75}.Debug|x64.ActiveCfg = Debug|x64
		{7D36672D-E132-4D41-8696-53E1E83F5E75}.Debug|x64.Build.0 = Debug|x64
		{7D36672D-E132-4D41-8696-53E1E83F5E75}.Debug|x86.ActiveCfg = Debug|Win32
		{7D36672D-E132-4D41-8696-53E1E83F5E75}.Debug|x86.Build.0 = Debug|Win32
		{7D36672D-E132-4D41-8696-53E1E83F5E75}.Release|x64.ActiveCfg = Release|x64
		{7D36672D-E132-4D41-8696-53E1E83F5E75}.Release|x64.Build.0 = Release|x64
		{7D36672D-E132-4D41-8696-53E1E83F5E75}.Release|x86.ActiveCfg = Release|Win32
		{7D36672D-E132-4D41-8696-53E1E83F5E75}.Release|x86.Build.0 = Release|Win32
	EndGlobalSection
	GlobalSection(SolutionProperties) = preSolution
		HideSolutionNode = FALSE
	EndGlobalSection
	GlobalSection(ExtensibilityGlobals) = postSolution
		SolutionGuid = {95E5FF60-43D9-4E6E-85E0-3256696759DF}
	EndGlobalSection
EndGlobal
